
Microsoft Visual Studio Solution File, Format Version 12.00
# Visual Studio Version 17
VisualStudioVersion = 17.9.34607.119
MinimumVisualStudioVersion = 10.0.40219.1
Project("{FAE04EC0-301F-11D3-BF4B-00C04F79EFBC}") = "3tierApp", "3tierApp\3tierApp.csproj", "{CF53587E-17ED-4F52-A31C-7E9FFFE47A37}"
EndProject
Project("{FAE04EC0-301F-11D3-BF4B-00C04F79EFBC}") = "BLL", "BLL\BLL.csproj", "{53DB7DCF-42D2-42D4-BA69-26C437B8E0CC}"
EndProject
Project("{FAE04EC0-301F-11D3-BF4B-00C04F79EFBC}") = "DAL", "DAL\DAL.csproj", "{3605770F-22B1-4BFE-BBDB-C61D6C773646}"
EndProject
Global
	GlobalSection(SolutionConfigurationPlatforms) = preSolution
		Debug|Any CPU = Debug|Any CPU
		Release|Any CPU = Release|Any CPU
	EndGlobalSection
	GlobalSection(ProjectConfigurationPlatforms) = postSolution
		{CF53587E-17ED-4F52-A31C-7E9FFFE47A37}.Debug|Any CPU.ActiveCfg = Debug|Any CPU
		{CF53587E-17ED-4F52-A31C-7E9FFFE47A37}.Debug|Any CPU.Build.0 = Debug|Any CPU
		{CF53587E-17ED-4F52-A31C-7E9FFFE47A37}.Release|Any CPU.ActiveCfg = Release|Any CPU
		{CF53587E-17ED-4F52-A31C-7E9FFFE47A37}.Release|Any CPU.Build.0 = Release|Any CPU
		{53DB7DCF-42D2-42D4-BA69-26C437B8E0CC}.Debug|Any CPU.ActiveCfg = Debug|Any CPU
		{53DB7DCF-42D2-42D4-BA69-26C437B8E0CC}.Debug|Any CPU.Build.0 = Debug|Any CPU
		{53DB7DCF-42D2-42D4-BA69-26C437B8E0CC}.Release|Any CPU.ActiveCfg = Release|Any CPU
		{53DB7DCF-42D2-42D4-BA69-26C437B8E0CC}.Release|Any CPU.Build.0 = Release|Any CPU
		{3605770F-22B1-4BFE-BBDB-C61D6C773646}.Debug|Any CPU.ActiveCfg = Debug|Any CPU
		{3605770F-22B1-4BFE-BBDB-C61D6C773646}.Debug|Any CPU.Build.0 = Debug|Any CPU
		{3605770F-22B1-4BFE-BBDB-C61D6C773646}.Release|Any CPU.ActiveCfg = Release|Any CPU
		{3605770F-22B1-4BFE-BBDB-C61D6C773646}.Release|Any CPU.Build.0 = Release|Any CPU
	EndGlobalSection
	GlobalSection(SolutionProperties) = preSolution
		HideSolutionNode = FALSE
	EndGlobalSection
	GlobalSection(ExtensibilityGlobals) = postSolution
		SolutionGuid = {8D5505BF-C2CF-4852-B52F-535C52ED2796}
	EndGlobalSection
EndGlobal
